
Microsoft Visual Studio Solution File, Format Version 12.00
# Visual Studio Version 17
VisualStudioVersion = 17.13.35919.96 d17.13
MinimumVisualStudioVersion = 10.0.40219.1
Project("{FAE04EC0-301F-11D3-BF4B-00C04F79EFBC}") = "AudioDeviceKernels", "AudioDeviceKernels\AudioDeviceKernels.csproj", "{ACE98400-65D7-496D-B292-9F1DF6171A39}"
EndProject
Global
	GlobalSection(SolutionConfigurationPlatforms) = preSolution
		Debug|Any CPU = Debug|Any CPU
		Release|Any CPU = Release|Any CPU
	EndGlobalSection
	GlobalSection(ProjectConfigurationPlatforms) = postSolution
		{ACE98400-65D7-496D-B292-9F1DF6171A39}.Debug|Any CPU.ActiveCfg = Debug|Any CPU
		{ACE98400-65D7-496D-B292-9F1DF6171A39}.Debug|Any CPU.Build.0 = Debug|Any CPU
		{ACE98400-65D7-496D-B292-9F1DF6171A39}.Release|Any CPU.ActiveCfg = Release|Any CPU
		{ACE98400-65D7-496D-B292-9F1DF6171A39}.Release|Any CPU.Build.0 = Release|Any CPU
	EndGlobalSection
	GlobalSection(SolutionProperties) = preSolution
		HideSolutionNode = FALSE
	EndGlobalSection
	GlobalSection(ExtensibilityGlobals) = postSolution
		SolutionGuid = {FF90EE0C-6C15-4955-8C49-113EE3D240AC}
	EndGlobalSection
EndGlobal
